
Microsoft Visual Studio Solution File, Format Version 12.00
# Visual Studio Version 17
VisualStudioVersion = 17.3.32922.545
MinimumVisualStudioVersion = 10.0.40219.1
Project("{FAE04EC0-301F-11D3-BF4B-00C04F79EFBC}") = "Queue", "Queue\Queue.csproj", "{CF906D9F-C54B-4395-AB91-59CE68E59338}"
EndProject
Global
	GlobalSection(SolutionConfigurationPlatforms) = preSolution
		Debug|Any CPU = Debug|Any CPU
		Release|Any CPU = Release|Any CPU
	EndGlobalSection
	GlobalSection(ProjectConfigurationPlatforms) = postSolution
		{CF906D9F-C54B-4395-AB91-59CE68E59338}.Debug|Any CPU.ActiveCfg = Debug|Any CPU
		{CF906D9F-C54B-4395-AB91-59CE68E59338}.Debug|Any CPU.Build.0 = Debug|Any CPU
		{CF906D9F-C54B-4395-AB91-59CE68E59338}.Release|Any CPU.ActiveCfg = Release|Any CPU
		{CF906D9F-C54B-4395-AB91-59CE68E59338}.Release|Any CPU.Build.0 = Release|Any CPU
	EndGlobalSection
	GlobalSection(SolutionProperties) = preSolution
		HideSolutionNode = FALSE
	EndGlobalSection
	GlobalSection(ExtensibilityGlobals) = postSolution
		SolutionGuid = {180EC841-3D56-4D5E-AA6B-872EB5A1721D}
	EndGlobalSection
EndGlobal
